uuid: 5cf8e84c-cf6e-432e-a5ab-f072cd96636f
langcode: und
status: true
dependencies:
  module:
    - node
id: node.media_gallery_expose_block
field_name: media_gallery_expose_block
entity_type: node
type: boolean
settings: {  }
module: core
locked: false
cardinality: 1
translatable: false
indexes: {  }
persist_with_no_fields: false
custom_storage: false
